// !$*UTF8*$!
{
	archiveVersion = 1;
	classes = {
	};
	objectVersion = 46;
	objects = {

/* Begin PBXBuildFile section */
		961BC56A19C10BFF005E0141 /* AppDelegate.swift in Sources */ = {isa = PBXBuildFile; fileRef = 961BC56919C10BFF005E0141 /* AppDelegate.swift */; };
		961BC56C19C10BFF005E0141 /* ViewController.swift in Sources */ = {isa = PBXBuildFile; fileRef = 961BC56B19C10BFF005E0141 /* ViewController.swift */; };
		961BC56F19C10BFF005E0141 /* Main.storyboard in Resources */ = {isa = PBXBuildFile; fileRef = 961BC56D19C10BFF005E0141 /* Main.storyboard */; };
		961BC57119C10BFF005E0141 /* Images.xcassets in Resources */ = {isa = PBXBuildFile; fileRef = 961BC57019C10BFF005E0141 /* Images.xcassets */; };
		961BC57D19C10BFF005E0141 /* PostcardsTests.swift in Sources */ = {isa = PBXBuildFile; fileRef = 961BC57C19C10BFF005E0141 /* PostcardsTests.swift */; };
		9665EBE919C11C110028D1A7 /* AlbertEinsteinStamp.jpg in Resources */ = {isa = PBXBuildFile; fileRef = 9665EBE819C11C110028D1A7 /* AlbertEinsteinStamp.jpg */; };
		9670847119C1134F008D974E /* SagradaFamilia.jpeg in Resources */ = {isa = PBXBuildFile; fileRef = 9670847019C1134F008D974E /* SagradaFamilia.jpeg */; };
/* End PBXBuildFile section */

/* Begin PBXContainerItemProxy section */
		961BC57719C10BFF005E0141 /* PBXContainerItemProxy */ = {
			isa = PBXContainerItemProxy;
			containerPortal = 961BC55C19C10BFF005E0141 /* Project object */;
			proxyType = 1;
			remoteGlobalIDString = 961BC56319C10BFF005E0141;
			remoteInfo = Postcards;
		};
/* End PBXContainerItemProxy section */

/* Begin PBXFileReference section */
		961BC56419C10BFF005E0141 /* Postcards.app */ = {isa = PBXFileReference; explicitFileType = wrapper.application; includeInIndex = 0; path = Postcards.app; sourceTree = BUILT_PRODUCTS_DIR; };
		961BC56819C10BFF005E0141 /* Info.plist */ = {isa = PBXFileReference; lastKnownFileType = text.plist.xml; path = Info.plist; sourceTree = "<group>"; };
		961BC56919C10BFF005E0141 /* AppDelegate.swift */ = {isa = PBXFileReference; lastKnownFileType = sourcecode.swift; path = AppDelegate.swift; sourceTree = "<group>"; };
		961BC56B19C10BFF005E0141 /* ViewController.swift */ = {isa = PBXFileReference; lastKnownFileType = sourcecode.swift; path = ViewController.swift; sourceTree = "<group>"; };
		961BC56E19C10BFF005E0141 /* Base */ = {isa = PBXFileReference; lastKnownFileType = file.storyboard; name = Base; path = Base.lproj/Main.storyboard; sourceTree = "<group>"; };
		961BC57019C10BFF005E0141 /* Images.xcassets */ = {isa = PBXFileReference; lastKnownFileType = folder.assetcatalog; path = Images.xcassets; sourceTree = "<group>"; };
		961BC57619C10BFF005E0141 /* PostcardsTests.xctest */ = {isa = PBXFileReference; explicitFileType = wrapper.cfbundle; includeInIndex = 0; path = PostcardsTests.xctest; sourceTree = BUILT_PRODUCTS_DIR; };
		961BC57B19C10BFF005E0141 /* Info.plist */ = {isa = PBXFileReference; lastKnownFileType = text.plist.xml; path = Info.plist; sourceTree = "<group>"; };
		961BC57C19C10BFF005E0141 /* PostcardsTests.swift */ = {isa = PBXFileReference; lastKnownFileType = sourcecode.swift; path = PostcardsTests.swift; sourceTree = "<group>"; };
		9665EBE819C11C110028D1A7 /* AlbertEinsteinStamp.jpg */ = {isa = PBXFileReference; lastKnownFileType = image.jpeg; path = AlbertEinsteinStamp.jpg; sourceTree = "<group>"; };
		9670847019C1134F008D974E /* SagradaFamilia.jpeg */ = {isa = PBXFileReference; lastKnownFileType = image.jpeg; path = SagradaFamilia.jpeg; sourceTree = "<group>"; };
/* End PBXFileReference section */

/* Begin PBXFrameworksBuildPhase section */
		961BC56119C10BFF005E0141 /* Frameworks */ = {
			isa = PBXFrameworksBuildPhase;
			buildActionMask = 2147483647;
			files = (
			);
			runOnlyForDeploymentPostprocessing = 0;
		};
		961BC57319C10BFF005E0141 /* Frameworks */ = {
			isa = PBXFrameworksBuildPhase;
			buildActionMask = 2147483647;
			files = (
			);
			runOnlyForDeploymentPostprocessing = 0;
		};
/* End PBXFrameworksBuildPhase section */

/* Begin PBXGroup section */
		961BC55B19C10BFF005E0141 = {
			isa = PBXGroup;
			children = (
				961BC56619C10BFF005E0141 /* Postcards */,
				961BC57919C10BFF005E0141 /* PostcardsTests */,
				961BC56519C10BFF005E0141 /* Products */,
			);
			sourceTree = "<group>";
		};
		961BC56519C10BFF005E0141 /* Products */ = {
			isa = PBXGroup;
			children = (
				961BC56419C10BFF005E0141 /* Postcards.app */,
				961BC57619C10BFF005E0141 /* PostcardsTests.xctest */,
			);
			name = Products;
			sourceTree = "<group>";
		};
		961BC56619C10BFF005E0141 /* Postcards */ = {
			isa = PBXGroup;
			children = (
				961BC56919C10BFF005E0141 /* AppDelegate.swift */,
				961BC56B19C10BFF005E0141 /* ViewController.swift */,
				961BC56D19C10BFF005E0141 /* Main.storyboard */,
				961BC57019C10BFF005E0141 /* Images.xcassets */,
				961BC56719C10BFF005E0141 /* Supporting Files */,
			);
			path = Postcards;
			sourceTree = "<group>";
		};
		961BC56719C10BFF005E0141 /* Supporting Files */ = {
			isa = PBXGroup;
			children = (
				9665EBE819C11C110028D1A7 /* AlbertEinsteinStamp.jpg */,
				9670847019C1134F008D974E /* SagradaFamilia.jpeg */,
				961BC56819C10BFF005E0141 /* Info.plist */,
			);
			name = "Supporting Files";
			sourceTree = "<group>";
		};
		961BC57919C10BFF005E0141 /* PostcardsTests */ = {
			isa = PBXGroup;
			children = (
				961BC57C19C10BFF005E0141 /* PostcardsTests.swift */,
				961BC57A19C10BFF005E0141 /* Supporting Files */,
			);
			path = PostcardsTests;
			sourceTree = "<group>";
		};
		961BC57A19C10BFF005E0141 /* Supporting Files */ = {
			isa = PBXGroup;
			children = (
				961BC57B19C10BFF005E0141 /* Info.plist */,
			);
			name = "Supporting Files";
			sourceTree = "<group>";
		};
/* End PBXGroup section */

/* Begin PBXNativeTarget section */
		961BC56319C10BFF005E0141 /* Postcards */ = {
			isa = PBXNativeTarget;
			buildConfigurationList = 961BC58019C10BFF005E0141 /* Build configuration list for PBXNativeTarget "Postcards" */;
			buildPhases = (
				961BC56019C10BFF005E0141 /* Sources */,
				961BC56119C10BFF005E0141 /* Frameworks */,
				961BC56219C10BFF005E0141 /* Resources */,
			);
			buildRules = (
			);
			dependencies = (
			);
			name = Postcards;
			productName = Postcards;
			productReference = 961BC56419C10BFF005E0141 /* Postcards.app */;
			productType = "com.apple.product-type.application";
		};
		961BC57519C10BFF005E0141 /* PostcardsTests */ = {
			isa = PBXNativeTarget;
			buildConfigurationList = 961BC58319C10BFF005E0141 /* Build configuration list for PBXNativeTarget "PostcardsTests" */;
			buildPhases = (
				961BC57219C10BFF005E0141 /* Sources */,
				961BC57319C10BFF005E0141 /* Frameworks */,
				961BC57419C10BFF005E0141 /* Resources */,
			);
			buildRules = (
			);
			dependencies = (
				961BC57819C10BFF005E0141 /* PBXTargetDependency */,
			);
			name = PostcardsTests;
			productName = PostcardsTests;
			productReference = 961BC57619C10BFF005E0141 /* PostcardsTests.xctest */;
			productType = "com.apple.product-type.bundle.unit-test";
		};
/* End PBXNativeTarget section */

/* Begin PBXProject section */
		961BC55C19C10BFF005E0141 /* Project object */ = {
			isa = PBXProject;
			attributes = {
				LastUpgradeCheck = 0600;
				ORGANIZATIONNAME = "Smarter Media";
				TargetAttributes = {
					961BC56319C10BFF005E0141 = {
						CreatedOnToolsVersion = 6.0;
					};
					961BC57519C10BFF005E0141 = {
						CreatedOnToolsVersion = 6.0;
						TestTargetID = 961BC56319C10BFF005E0141;
					};
				};
			};
			buildConfigurationList = 961BC55F19C10BFF005E0141 /* Build configuration list for PBXProject "Postcards" */;
			compatibilityVersion = "Xcode 3.2";
			developmentRegion = English;
			hasScannedForEncodings = 0;
			knownRegions = (
				en,
				Base,
			);
			mainGroup = 961BC55B19C10BFF005E0141;
			productRefGroup = 961BC56519C10BFF005E0141 /* Products */;
			projectDirPath = "";
			projectRoot = "";
			targets = (
				961BC56319C10BFF005E0141 /* Postcards */,
				961BC57519C10BFF005E0141 /* PostcardsTests */,
			);
		};
/* End PBXProject section */

/* Begin PBXResourcesBuildPhase section */
		961BC56219C10BFF005E0141 /* Resources */ = {
			isa = PBXResourcesBuildPhase;
			buildActionMask = 2147483647;
			files = (
				9665EBE919C11C110028D1A7 /* AlbertEinsteinStamp.jpg in Resources */,
				961BC56F19C10BFF005E0141 /* Main.storyboard in Resources */,
				961BC57119C10BFF005E0141 /* Images.xcassets in Resources */,
				9670847119C1134F008D974E /* SagradaFamilia.jpeg in Resources */,
			);
			runOnlyForDeploymentPostprocessing = 0;
		};
		961BC57419C10BFF005E0141 /* Resources */ = {
			isa = PBXResourcesBuildPhase;
			buildActionMask = 2147483647;
			files = (
			);
			runOnlyForDeploymentPostprocessing = 0;
		};
/* End PBXResourcesBuildPhase section */

/* Begin PBXSourcesBuildPhase section */
		961BC56019C10BFF005E0141 /* Sources */ = {
			isa = PBXSourcesBuildPhase;
			buildActionMask = 2147483647;
			files = (
				961BC56C19C10BFF005E0141 /* ViewController.swift in Sources */,
				961BC56A19C10BFF005E0141 /* AppDelegate.swift in Sources */,
			);
			runOnlyForDeploymentPostprocessing = 0;
		};
		961BC57219C10BFF005E0141 /* Sources */ = {
			isa = PBXSourcesBuildPhase;
			buildActionMask = 2147483647;
			files = (
				961BC57D19C10BFF005E0141 /* PostcardsTests.swift in Sources */,
			);
			runOnlyForDeploymentPostprocessing = 0;
		};
/* End PBXSourcesBuildPhase section */

/* Begin PBXTargetDependency section */
		961BC57819C10BFF005E0141 /* PBXTargetDependency */ = {
			isa = PBXTargetDependency;
			target = 961BC56319C10BFF005E0141 /* Postcards */;
			targetProxy = 961BC57719C10BFF005E0141 /* PBXContainerItemProxy */;
		};
/* End PBXTargetDependency section */

/* Begin PBXVariantGroup section */
		961BC56D19C10BFF005E0141 /* Main.storyboard */ = {
			isa = PBXVariantGroup;
			children = (
				961BC56E19C10BFF005E0141 /* Base */,
			);
			name = Main.storyboard;
			sourceTree = "<group>";
		};
/* End PBXVariantGroup section */

/* Begin XCBuildConfiguration section */
		961BC57E19C10BFF005E0141 /* Debug */ = {
			isa = XCBuildConfiguration;
			buildSettings = {
				ALWAYS_SEARCH_USER_PATHS = NO;
				CLANG_CXX_LANGUAGE_STANDARD = "gnu++0x";
				CLANG_CXX_LIBRARY = "libc++";
				CLANG_ENABLE_MODULES = YES;
				CLANG_ENABLE_OBJC_ARC = YES;
				CLANG_WARN_BOOL_CONVERSION = YES;
				CLANG_WARN_CONSTANT_CONVERSION = YES;
				CLANG_WARN_DIRECT_OBJC_ISA_USAGE = YES_ERROR;
				CLANG_WARN_EMPTY_BODY = YES;
				CLANG_WARN_ENUM_CONVERSION = YES;
				CLANG_WARN_INT_CONVERSION = YES;
				CLANG_WARN_OBJC_ROOT_CLASS = YES_ERROR;
				CLANG_WARN_UNREACHABLE_CODE = YES;
				CLANG_WARN__DUPLICATE_METHOD_MATCH = YES;
				"CODE_SIGN_IDENTITY[sdk=iphoneos*]" = "iPhone Developer";
				COPY_PHASE_STRIP = NO;
				ENABLE_STRICT_OBJC_MSGSEND = YES;
				GCC_C_LANGUAGE_STANDARD = gnu99;
				GCC_DYNAMIC_NO_PIC = NO;
				GCC_OPTIMIZATION_LEVEL = 0;
				GCC_PREPROCESSOR_DEFINITIONS = (
					"DEBUG=1",
					"$(inherited)",
				);
				GCC_SYMBOLS_PRIVATE_EXTERN = NO;
				GCC_WARN_64_TO_32_BIT_CONVERSION = YES;
				GCC_WARN_ABOUT_RETURN_TYPE = YES_ERROR;
				GCC_WARN_UNDECLARED_SELECTOR = YES;
				GCC_WARN_UNINITIALIZED_AUTOS = YES_AGGRESSIVE;
				GCC_WARN_UNUSED_FUNCTION = YES;
				GCC_WARN_UNUSED_VARIABLE = YES;
				IPHONEOS_DEPLOYMENT_TARGET = 8.0;
				MTL_ENABLE_DEBUG_INFO = YES;
				ONLY_ACTIVE_ARCH = YES;
				SDKROOT = iphoneos;
				SWIFT_OPTIMIZATION_LEVEL = "-Onone";
			};
			name = Debug;
		};
		961BC57F19C10BFF005E0141 /* Release */ = {
			isa = XCBuildConfiguration;
			buildSettings = {
				ALWAYS_SEARCH_USER_PATHS = NO;
				CLANG_CXX_LANGUAGE_STANDARD = "gnu++0x";
				CLANG_CXX_LIBRARY = "libc++";
				CLANG_ENABLE_MODULES = YES;
				CLANG_ENABLE_OBJC_ARC = YES;
				CLANG_WARN_BOOL_CONVERSION = YES;
				CLANG_WARN_CONSTANT_CONVERSION = YES;
				CLANG_WARN_DIRECT_OBJC_ISA_USAGE = YES_ERROR;
				CLANG_WARN_EMPTY_BODY = YES;
				CLANG_WARN_ENUM_CONVERSION = YES;
				CLANG_WARN_INT_CONVERSION = YES;
				CLANG_WARN_OBJC_ROOT_CLASS = YES_ERROR;
				CLANG_WARN_UNREACHABLE_CODE = YES;
				CLANG_WARN__DUPLICATE_METHOD_MATCH = YES;
				"CODE_SIGN_IDENTITY[sdk=iphoneos*]" = "iPhone Developer";
				COPY_PHASE_STRIP = YES;
				ENABLE_NS_ASSERTIONS = NO;
				ENABLE_STRICT_OBJC_MSGSEND = YES;
				GCC_C_LANGUAGE_STANDARD = gnu99;
				GCC_WARN_64_TO_32_BIT_CONVERSION = YES;
				GCC_WARN_ABOUT_RETURN_TYPE = YES_ERROR;
				GCC_WARN_UNDECLARED_SELECTOR = YES;
				GCC_WARN_UNINITIALIZED_AUTOS = YES_AGGRESSIVE;
				GCC_WARN_UNUSED_FUNCTION = YES;
				GCC_WARN_UNUSED_VARIABLE = YES;
				IPHONEOS_DEPLOYMENT_TARGET = 8.0;
				MTL_ENABLE_DEBUG_INFO = NO;
				SDKROOT = iphoneos;
				VALIDATE_PRODUCT = YES;
			};
			name = Release;
		};
		961BC58119C10BFF005E0141 /* Debug */ = {
			isa = XCBuildConfiguration;
			buildSettings = {
				ASSETCATALOG_COMPILER_APPICON_NAME = AppIcon;
				ASSETCATALOG_COMPILER_LAUNCHIMAGE_NAME = LaunchImage;
				INFOPLIST_FILE = Postcards/Info.plist;
				LD_RUNPATH_SEARCH_PATHS = "$(inherited) @executable_path/Frameworks";
				PRODUCT_NAME = "$(TARGET_NAME)";
			};
			name = Debug;
		};
		961BC58219C10BFF005E0141 /* Release */ = {
			isa = XCBuildConfiguration;
			buildSettings = {
				ASSETCATALOG_COMPILER_APPICON_NAME = AppIcon;
				ASSETCATALOG_COMPILER_LAUNCHIMAGE_NAME = LaunchImage;
				INFOPLIST_FILE = Postcards/Info.plist;
				LD_RUNPATH_SEARCH_PATHS = "$(inherited) @executable_path/Frameworks";
				PRODUCT_NAME = "$(TARGET_NAME)";
			};
			name = Release;
		};
		961BC58419C10BFF005E0141 /* Debug */ = {
			isa = XCBuildConfiguration;
			buildSettings = {
				BUNDLE_LOADER = "$(TEST_HOST)";
				FRAMEWORK_SEARCH_PATHS = (
					"$(SDKROOT)/Developer/Library/Frameworks",
					"$(inherited)",
				);
				GCC_PREPROCESSOR_DEFINITIONS = (
					"DEBUG=1",
					"$(inherited)",
				);
				INFOPLIST_FILE = PostcardsTests/Info.plist;
				LD_RUNPATH_SEARCH_PATHS = "$(inherited) @executable_path/Frameworks @loader_path/Frameworks";
				PRODUCT_NAME = "$(TARGET_NAME)";
				TEST_HOST = "$(BUILT_PRODUCTS_DIR)/Postcards.app/Postcards";
			};
			name = Debug;
		};
		961BC58519C10BFF005E0141 /* Release */ = {
			isa = XCBuildConfiguration;
			buildSettings = {
				BUNDLE_LOADER = "$(TEST_HOST)";
				FRAMEWORK_SEARCH_PATHS = (
					"$(SDKROOT)/Developer/Library/Frameworks",
					"$(inherited)",
				);
				INFOPLIST_FILE = PostcardsTests/Info.plist;
				LD_RUNPATH_SEARCH_PATHS = "$(inherited) @executable_path/Frameworks @loader_path/Frameworks";
				PRODUCT_NAME = "$(TARGET_NAME)";
				TEST_HOST = "$(BUILT_PRODUCTS_DIR)/Postcards.app/Postcards";
			};
			name = Release;
		};
/* End XCBuildConfiguration section */

/* Begin XCConfigurationList section */
		961BC55F19C10BFF005E0141 /* Build configuration list for PBXProject "Postcards" */ = {
			isa = XCConfigurationList;
			buildConfigurations = (
				961BC57E19C10BFF005E0141 /* Debug */,
				961BC57F19C10BFF005E0141 /* Release */,
			);
			defaultConfigurationIsVisible = 0;
			defaultConfigurationName = Release;
		};
		961BC58019C10BFF005E0141 /* Build configuration list for PBXNativeTarget "Postcards" */ = {
			isa = XCConfigurationList;
			buildConfigurations = (
				961BC58119C10BFF005E0141 /* Debug */,
				961BC58219C10BFF005E0141 /* Release */,
			);
			defaultConfigurationIsVisible = 0;
			defaultConfigurationName = Release;
		};
		961BC58319C10BFF005E0141 /* Build configuration list for PBXNativeTarget "PostcardsTests" */ = {
			isa = XCConfigurationList;
			buildConfigurations = (
				961BC58419C10BFF005E0141 /* Debug */,
				961BC58519C10BFF005E0141 /* Release */,
			);
			defaultConfigurationIsVisible = 0;
			defaultConfigurationName = Release;
		};
/* End XCConfigurationList section */
	};
	rootObject = 961BC55C19C10BFF005E0141 /* Project object */;
}
